<?xml version="1.0" encoding="utf-8"?>
<Project ToolsVersion="4.0" xmlns="http://schemas.microsoft.com/developer/msbuild/2003">
  <ItemGroup>
    <Filter Include="源文件">
      <UniqueIdentifier>{4FC737F1-C7A5-4376-A066-2A32D752A2FF}</UniqueIdentifier>
      <Extensions>cpp;c;cc;cxx;def;odl;idl;hpj;bat;asm;asmx</Extensions>
    </Filter>
    <Filter Include="头文件">
      <UniqueIdentifier>{93995380-89BD-4b04-88EB-625FBE52EBFB}</UniqueIdentifier>
      <Extensions>h;hh;hpp;hxx;hm;inl;inc;xsd</Extensions>
    </Filter>
    <Filter Include="资源文件">
      <UniqueIdentifier>{67DA6AB6-F800-4c08-8B7A-83BB121AAD01}</UniqueIdentifier>
      <Extensions>rc;ico;cur;bmp;dlg;rc2;rct;bin;rgs;gif;jpg;jpeg;jpe;resx;tiff;tif;png;wav;mfcribbon-ms</Extensions>
    </Filter>
    <Filter Include="glog">
      <UniqueIdentifier>{24706687-14f9-49e6-a0f6-2eeccfde2c56}</UniqueIdentifier>
    </Filter>
    <Filter Include="Locker">
      <UniqueIdentifier>{b418f81a-809d-4538-b4be-08a39e4c3d09}</UniqueIdentifier>
    </Filter>
    <Filter Include="Number">
      <UniqueIdentifier>{51ea24fd-ae0c-4d39-8871-b27601847746}</UniqueIdentifier>
    </Filter>
    <Filter Include="Matrix">
      <UniqueIdentifier>{1a584017-adae-4f5d-9b04-470416275fd5}</UniqueIdentifier>
    </Filter>
    <Filter Include="Statistics">
      <UniqueIdentifier>{4f5623b8-c8bf-4c85-892a-5a7d48807ceb}</UniqueIdentifier>
    </Filter>
    <Filter Include="Status">
      <UniqueIdentifier>{2c7b3149-1857-4905-b2be-bf2cdfaa242d}</UniqueIdentifier>
    </Filter>
    <Filter Include="Number\SingleNumber">
      <UniqueIdentifier>{79edb531-38c0-42de-8265-feb26fc95c6b}</UniqueIdentifier>
    </Filter>
    <Filter Include="Python">
      <UniqueIdentifier>{3b54f555-fbaf-4491-9e64-1a3dab1a96a8}</UniqueIdentifier>
    </Filter>
    <Filter Include="XML">
      <UniqueIdentifier>{b5ccfb4e-e441-4b67-9b86-323785d5fb8e}</UniqueIdentifier>
    </Filter>
    <Filter Include="StateMachine">
      <UniqueIdentifier>{8bb866bc-b490-4e0f-a268-7532f2468ee8}</UniqueIdentifier>
    </Filter>
    <Filter Include="Mysql">
      <UniqueIdentifier>{4631924e-c097-40ed-96c3-348f8d427d70}</UniqueIdentifier>
    </Filter>
  </ItemGroup>
  <ItemGroup>
    <Text Include="ReadMe.txt" />
  </ItemGroup>
  <ItemGroup>
    <ClInclude Include="stdafx.h">
      <Filter>头文件</Filter>
    </ClInclude>
    <ClInclude Include="targetver.h">
      <Filter>头文件</Filter>
    </ClInclude>
    <ClInclude Include="Number\commonfunction.h">
      <Filter>Number</Filter>
    </ClInclude>
    <ClInclude Include="StockAccountNum.h">
      <Filter>头文件</Filter>
    </ClInclude>
    <ClInclude Include="CommonFunction.h">
      <Filter>头文件</Filter>
    </ClInclude>
    <ClInclude Include="Log.h">
      <Filter>头文件</Filter>
    </ClInclude>
    <ClInclude Include="glog\log_severity.h">
      <Filter>glog</Filter>
    </ClInclude>
    <ClInclude Include="glog\logging.h">
      <Filter>glog</Filter>
    </ClInclude>
    <ClInclude Include="glog\raw_logging.h">
      <Filter>glog</Filter>
    </ClInclude>
    <ClInclude Include="glog\stl_logging.h">
      <Filter>glog</Filter>
    </ClInclude>
    <ClInclude Include="glog\vlog_is_on.h">
      <Filter>glog</Filter>
    </ClInclude>
    <ClInclude Include="Locker.h">
      <Filter>Locker</Filter>
    </ClInclude>
    <ClInclude Include="MainLoop.h">
      <Filter>头文件</Filter>
    </ClInclude>
    <ClInclude Include="StaticRecord.h">
      <Filter>Status</Filter>
    </ClInclude>
    <ClInclude Include="TrandRecord.h">
      <Filter>Status</Filter>
    </ClInclude>
    <ClInclude Include="TrendAnal.h">
      <Filter>Status</Filter>
    </ClInclude>
    <ClInclude Include="Matrix.h">
      <Filter>Matrix</Filter>
    </ClInclude>
    <ClInclude Include="StatisticeInter.h">
      <Filter>Statistics</Filter>
    </ClInclude>
    <ClInclude Include="CLocalRecordTool.h">
      <Filter>Status</Filter>
    </ClInclude>
    <ClInclude Include="Number\NumberInter.h">
      <Filter>Number</Filter>
    </ClInclude>
    <ClInclude Include="Number\_DMA.h">
      <Filter>Number\SingleNumber</Filter>
    </ClInclude>
    <ClInclude Include="Number\ASI.h">
      <Filter>Number\SingleNumber</Filter>
    </ClInclude>
    <ClInclude Include="CDP.h">
      <Filter>Number\SingleNumber</Filter>
    </ClInclude>
    <ClInclude Include="DMI.h">
      <Filter>Number\SingleNumber</Filter>
    </ClInclude>
    <ClInclude Include="Ma.h">
      <Filter>Number\SingleNumber</Filter>
    </ClInclude>
    <ClInclude Include="Number\TRIX.h">
      <Filter>Number\SingleNumber</Filter>
    </ClInclude>
    <ClInclude Include="Number\KDJ.h">
      <Filter>Number\SingleNumber</Filter>
    </ClInclude>
    <ClInclude Include="Number\Macd.h">
      <Filter>Number\SingleNumber</Filter>
    </ClInclude>
    <ClInclude Include="PriChag.h">
      <Filter>Number\SingleNumber</Filter>
    </ClInclude>
    <ClInclude Include="DateTool.h">
      <Filter>Number</Filter>
    </ClInclude>
    <ClInclude Include="PythonInterface.h">
      <Filter>Python</Filter>
    </ClInclude>
    <ClInclude Include="tinyxml\tinystr.h">
      <Filter>XML</Filter>
    </ClInclude>
    <ClInclude Include="tinyxml\tinyxml.h">
      <Filter>XML</Filter>
    </ClInclude>
    <ClInclude Include="BullMarkBearMark.h">
      <Filter>头文件</Filter>
    </ClInclude>
    <ClInclude Include="StaticIntegral.h">
      <Filter>Status</Filter>
    </ClInclude>
    <ClInclude Include="DataSizeSwich.h">
      <Filter>Number</Filter>
    </ClInclude>
    <ClInclude Include="StateB.h">
      <Filter>Status</Filter>
    </ClInclude>
    <ClInclude Include="StateInter.h">
      <Filter>Status</Filter>
    </ClInclude>
    <ClInclude Include="Number\StateRecords.h">
      <Filter>Status</Filter>
    </ClInclude>
    <ClInclude Include="StatisticeTool.h">
      <Filter>Statistics</Filter>
    </ClInclude>
    <ClInclude Include="FreqStatistice.h">
      <Filter>Statistics</Filter>
    </ClInclude>
    <ClInclude Include="Numbers.h">
      <Filter>Number</Filter>
    </ClInclude>
    <ClInclude Include="Number\NumberBase.h">
      <Filter>Number</Filter>
    </ClInclude>
    <ClInclude Include="StockDataTable.h">
      <Filter>Number</Filter>
    </ClInclude>
    <ClInclude Include="CcdpStatistics.h">
      <Filter>Statistics</Filter>
    </ClInclude>
    <ClInclude Include="DFT.h">
      <Filter>Matrix</Filter>
    </ClInclude>
    <ClInclude Include="ARBRCRVRPSY.h">
      <Filter>Number\SingleNumber</Filter>
    </ClInclude>
    <ClInclude Include="EMV.h">
      <Filter>Number\SingleNumber</Filter>
    </ClInclude>
    <ClInclude Include="StateMachineInter.h">
      <Filter>StateMachine</Filter>
    </ClInclude>
    <ClInclude Include="SearchStock.h">
      <Filter>Statistics</Filter>
    </ClInclude>
    <ClInclude Include="MySQLInterFace.h">
      <Filter>Mysql</Filter>
    </ClInclude>
    <ClInclude Include="MeanVariance.h">
      <Filter>Statistics</Filter>
    </ClInclude>
    <ClInclude Include="Morphological.h">
      <Filter>Statistics</Filter>
    </ClInclude>
    <ClInclude Include="NumbersToSql.h">
      <Filter>Mysql</Filter>
    </ClInclude>
  </ItemGroup>
  <ItemGroup>
    <ClCompile Include="stdafx.cpp">
      <Filter>源文件</Filter>
    </ClCompile>
    <ClCompile Include="CreatAllParameter.cpp">
      <Filter>源文件</Filter>
    </ClCompile>
    <ClCompile Include="Number\CommonFunction.cpp">
      <Filter>Number</Filter>
    </ClCompile>
    <ClCompile Include="StockAccountNum.cpp">
      <Filter>源文件</Filter>
    </ClCompile>
    <ClCompile Include="Log.cpp">
      <Filter>源文件</Filter>
    </ClCompile>
    <ClCompile Include="Locker.cpp">
      <Filter>Locker</Filter>
    </ClCompile>
    <ClCompile Include="MainLoop.cpp">
      <Filter>源文件</Filter>
    </ClCompile>
    <ClCompile Include="StaticRecord.cpp">
      <Filter>Status</Filter>
    </ClCompile>
    <ClCompile Include="TrandRecord.cpp">
      <Filter>Status</Filter>
    </ClCompile>
    <ClCompile Include="TrendAnal.cpp">
      <Filter>Status</Filter>
    </ClCompile>
    <ClCompile Include="Matrix.cpp">
      <Filter>Matrix</Filter>
    </ClCompile>
    <ClCompile Include="StatisticeInter.cpp">
      <Filter>Statistics</Filter>
    </ClCompile>
    <ClCompile Include="CLocalRecordTool.cpp">
      <Filter>Status</Filter>
    </ClCompile>
    <ClCompile Include="Number\_DMA.cpp">
      <Filter>Number\SingleNumber</Filter>
    </ClCompile>
    <ClCompile Include="Number\ASI.cpp">
      <Filter>Number\SingleNumber</Filter>
    </ClCompile>
    <ClCompile Include="CDP.cpp">
      <Filter>Number\SingleNumber</Filter>
    </ClCompile>
    <ClCompile Include="DMI.cpp">
      <Filter>Number\SingleNumber</Filter>
    </ClCompile>
    <ClCompile Include="Ma.cpp">
      <Filter>Number\SingleNumber</Filter>
    </ClCompile>
    <ClCompile Include="Number\TRIX.cpp">
      <Filter>Number\SingleNumber</Filter>
    </ClCompile>
    <ClCompile Include="Number\KDJ.cpp">
      <Filter>Number\SingleNumber</Filter>
    </ClCompile>
    <ClCompile Include="Number\Macd.cpp">
      <Filter>Number\SingleNumber</Filter>
    </ClCompile>
    <ClCompile Include="PriChag.cpp">
      <Filter>Number\SingleNumber</Filter>
    </ClCompile>
    <ClCompile Include="DateTool.cpp">
      <Filter>Number</Filter>
    </ClCompile>
    <ClCompile Include="PythonInterface.cpp">
      <Filter>Python</Filter>
    </ClCompile>
    <ClCompile Include="tinyxml\tinystr.cpp">
      <Filter>XML</Filter>
    </ClCompile>
    <ClCompile Include="tinyxml\tinyxml.cpp">
      <Filter>XML</Filter>
    </ClCompile>
    <ClCompile Include="tinyxml\tinyxmlerror.cpp">
      <Filter>XML</Filter>
    </ClCompile>
    <ClCompile Include="tinyxml\tinyxmlparser.cpp">
      <Filter>XML</Filter>
    </ClCompile>
    <ClCompile Include="BullMarkBearMark.cpp">
      <Filter>源文件</Filter>
    </ClCompile>
    <ClCompile Include="StaticIntegral.cpp">
      <Filter>Status</Filter>
    </ClCompile>
    <ClCompile Include="DataSizeSwich.cpp">
      <Filter>Number</Filter>
    </ClCompile>
    <ClCompile Include="StateB.cpp">
      <Filter>Status</Filter>
    </ClCompile>
    <ClCompile Include="StateInter.cpp">
      <Filter>Status</Filter>
    </ClCompile>
    <ClCompile Include="Number\StateRecords.cpp">
      <Filter>Status</Filter>
    </ClCompile>
    <ClCompile Include="StatisticeTool.cpp">
      <Filter>Statistics</Filter>
    </ClCompile>
    <ClCompile Include="FreqStatistice.cpp">
      <Filter>Statistics</Filter>
    </ClCompile>
    <ClCompile Include="Numbers.cpp">
      <Filter>Number</Filter>
    </ClCompile>
    <ClCompile Include="Number\NumberBase.cpp">
      <Filter>Number</Filter>
    </ClCompile>
    <ClCompile Include="StockDataTable.cpp">
      <Filter>Number</Filter>
    </ClCompile>
    <ClCompile Include="Number\NumberInter.cpp">
      <Filter>Number</Filter>
    </ClCompile>
    <ClCompile Include="CcdpStatistics.cpp">
      <Filter>Statistics</Filter>
    </ClCompile>
    <ClCompile Include="DFT.cpp">
      <Filter>Matrix</Filter>
    </ClCompile>
    <ClCompile Include="ARBRCRVRPSY.cpp">
      <Filter>Number\SingleNumber</Filter>
    </ClCompile>
    <ClCompile Include="EMV.cpp">
      <Filter>Number\SingleNumber</Filter>
    </ClCompile>
    <ClCompile Include="StateMachineInter.cpp">
      <Filter>StateMachine</Filter>
    </ClCompile>
    <ClCompile Include="SearchStock.cpp">
      <Filter>Statistics</Filter>
    </ClCompile>
    <ClCompile Include="MySQLInterFace.cpp">
      <Filter>Mysql</Filter>
    </ClCompile>
    <ClCompile Include="MeanVariance.cpp">
      <Filter>Statistics</Filter>
    </ClCompile>
    <ClCompile Include="Morphological.cpp">
      <Filter>Statistics</Filter>
    </ClCompile>
    <ClCompile Include="NumbersToSql.cpp">
      <Filter>Mysql</Filter>
    </ClCompile>
  </ItemGroup>
</Project>